PODS:
  - Cotter (1.6.1):
    - OneSignal (= 2.13.1)
  - Nimble (8.0.7)
  - OneSignal (2.13.1)
  - Sourcery (0.18.0)

DEPENDENCIES:
  - Cotter (from `../`)
  - Nimble (~> 8.0)
  - OneSignal (= 2.13.1)
  - Sourcery

SPEC REPOS:
  trunk:
    - Nimble
    - OneSignal
    - Sourcery

EXTERNAL SOURCES:
  Cotter:
    :path: "../"

SPEC CHECKSUMS:
  Cotter: 757823d833d2bdb9412a5b054dec62a26726af63
  Nimble: a73af6ecd4c9106f434f3d55fc54570be3739e0b
  OneSignal: fa98eaa90372bb367b6a4a1c1622ffb9832c7600
  Sourcery: e0e8658a1ce6d9f475156ad3ffce4c68f1261b3e

PODFILE CHECKSUM: a851759e06dc520458cec6c743ff00b11c159bda

COCOAPODS: 1.8.4
