PODS:
  - Cotter (1.5.20):
    - OneSignal (= 2.15.3)
    - TTGSnackbar (= 1.10.3)
  - Nimble (8.1.2)
  - OneSignal (2.15.3)
  - Sourcery (1.0.0)
  - TTGSnackbar (1.10.3)
  - TweeTextField (1.6.3)

DEPENDENCIES:
  - Cotter (from `../`)
  - Nimble (~> 8.0)
  - OneSignal (= 2.15.3)
  - Sourcery
  - TTGSnackbar (= 1.10.3)
  - TweeTextField

SPEC REPOS:
  trunk:
    - Nimble
    - OneSignal
    - Sourcery
    - TTGSnackbar
    - TweeTextField

EXTERNAL SOURCES:
  Cotter:
    :path: "../"

SPEC CHECKSUMS:
  Cotter: c3a1895d42c5ed12e188ac5c2da5a9f0f2fa8c8f
  Nimble: 3864815b4703c7ebffba875973c70e854489fbae
  OneSignal: d85b81aa313ed8040522b884f556267883d652c2
  Sourcery: 928a146ea9b777fa64b0c6ce915c4128b4488cff
  TTGSnackbar: 97c033600de8a9c8f4a093f25a08543a03946bcc
  TweeTextField: 47bf8e7f0433364a7f7e119c45e7f278ea50eb62

PODFILE CHECKSUM: f8cf607b1a98df9ed743bc77a368381b23ef2226

COCOAPODS: 1.10.1
