PODS:
  - Cotter (1.5.8):
    - OneSignal (= 2.15.3)
  - Nimble (8.0.7)
  - OneSignal (2.15.3)
  - Sourcery (0.18.0)
  - TweeTextField (1.6.3)

DEPENDENCIES:
  - Cotter (from `../`)
  - Nimble (~> 8.0)
  - OneSignal (= 2.15.3)
  - Sourcery
  - TweeTextField

SPEC REPOS:
  trunk:
    - Nimble
    - OneSignal
    - Sourcery
    - TweeTextField

EXTERNAL SOURCES:
  Cotter:
    :path: "../"

SPEC CHECKSUMS:
  Cotter: b517a8e4c6c86f52b47b24added900582e9d23fe
  Nimble: a73af6ecd4c9106f434f3d55fc54570be3739e0b
  OneSignal: d85b81aa313ed8040522b884f556267883d652c2
  Sourcery: e0e8658a1ce6d9f475156ad3ffce4c68f1261b3e
  TweeTextField: 47bf8e7f0433364a7f7e119c45e7f278ea50eb62

PODFILE CHECKSUM: 3a630ba94d5955acae95bb67bf256eb6ee3ce483

COCOAPODS: 1.9.3
